// !$*UTF8*$!
{
	archiveVersion = 1;
	classes = {
	};
	objectVersion = 55;
	objects = {

/* Begin PBXBuildFile section */
		4978DFCBD214C06E5E96E8FA /* Pods_moeum.framework in Frameworks */ = {isa = PBXBuildFile; fileRef = 0507833FD4AF2640E68E328E /* Pods_moeum.framework */; };
		7000B11427E9AED70067E0B4 /* MemoBottomSheetView.swift in Sources */ = {isa = PBXBuildFile; fileRef = 7000B11327E9AED70067E0B4 /* MemoBottomSheetView.swift */; };
		70102DC727E4DBF100472CC0 /* MemoCalendarCollectionViewCell.swift in Sources */ = {isa = PBXBuildFile; fileRef = 70102DC627E4DBF100472CC0 /* MemoCalendarCollectionViewCell.swift */; };
		7024250D27F16FB8007A914D /* MemoSummaryView.swift in Sources */ = {isa = PBXBuildFile; fileRef = 7024250C27F16FB8007A914D /* MemoSummaryView.swift */; };
		7024251027F17197007A914D /* Memo.swift in Sources */ = {isa = PBXBuildFile; fileRef = 7024250F27F17197007A914D /* Memo.swift */; };
		702E907D27FEC1CD00FF237B /* EnumType.swift in Sources */ = {isa = PBXBuildFile; fileRef = 702E907C27FEC1CD00FF237B /* EnumType.swift */; };
		702E907F27FECF4800FF237B /* WritingVC+Bind.swift in Sources */ = {isa = PBXBuildFile; fileRef = 702E907E27FECF4800FF237B /* WritingVC+Bind.swift */; };
		702E908127FEE31000FF237B /* CalendarVC+Bind.swift in Sources */ = {isa = PBXBuildFile; fileRef = 702E908027FEE31000FF237B /* CalendarVC+Bind.swift */; };
		702E908327FEE35700FF237B /* CalendarVC+Logic.swift in Sources */ = {isa = PBXBuildFile; fileRef = 702E908227FEE35700FF237B /* CalendarVC+Logic.swift */; };
		702E908527FEE42500FF237B /* WritingVC+Logic.swift in Sources */ = {isa = PBXBuildFile; fileRef = 702E908427FEE42500FF237B /* WritingVC+Logic.swift */; };
		702FA6E927FD454B004417D9 /* ImageLabel.swift in Sources */ = {isa = PBXBuildFile; fileRef = 702FA6E827FD454B004417D9 /* ImageLabel.swift */; };
		702FA6EB27FD45EB004417D9 /* ImageTextView.swift in Sources */ = {isa = PBXBuildFile; fileRef = 702FA6EA27FD45EB004417D9 /* ImageTextView.swift */; };
		702FA6ED27FD5EF9004417D9 /* TagLabel.swift in Sources */ = {isa = PBXBuildFile; fileRef = 702FA6EC27FD5EF9004417D9 /* TagLabel.swift */; };
		702FA6EF27FD68E5004417D9 /* Record.swift in Sources */ = {isa = PBXBuildFile; fileRef = 702FA6EE27FD68E5004417D9 /* Record.swift */; };
		702FA6F527FD7402004417D9 /* RecordEntity.swift in Sources */ = {isa = PBXBuildFile; fileRef = 702FA6F427FD7402004417D9 /* RecordEntity.swift */; };
		702FA6F727FD741D004417D9 /* RecordRepository.swift in Sources */ = {isa = PBXBuildFile; fileRef = 702FA6F627FD741D004417D9 /* RecordRepository.swift */; };
		702FA6F927FD7428004417D9 /* RecordService.swift in Sources */ = {isa = PBXBuildFile; fileRef = 702FA6F827FD7428004417D9 /* RecordService.swift */; };
		702FA6FD27FD74B8004417D9 /* WritingViewModel.swift in Sources */ = {isa = PBXBuildFile; fileRef = 702FA6FC27FD74B8004417D9 /* WritingViewModel.swift */; };
		703052DD28001D8900ED9C90 /* CalendarViewModel.swift in Sources */ = {isa = PBXBuildFile; fileRef = 703052DC28001D8900ED9C90 /* CalendarViewModel.swift */; };
		7037B46427FAB048004F3828 /* WritingViewController.swift in Sources */ = {isa = PBXBuildFile; fileRef = 7037B46327FAB048004F3828 /* WritingViewController.swift */; };
		7037B46727FAB0C3004F3828 /* CalendarHeaderView.swift in Sources */ = {isa = PBXBuildFile; fileRef = 7037B46627FAB0C3004F3828 /* CalendarHeaderView.swift */; };
		7037B46927FAB0E0004F3828 /* WritingHeaderView.swift in Sources */ = {isa = PBXBuildFile; fileRef = 7037B46827FAB0E0004F3828 /* WritingHeaderView.swift */; };
		704431B727F9772F000C091E /* MemoCalendarBottomSheetLineLabelView.swift in Sources */ = {isa = PBXBuildFile; fileRef = 704431B627F9772F000C091E /* MemoCalendarBottomSheetLineLabelView.swift */; };
		704431BA27F9BC6B000C091E /* CreateMemoViewController.swift in Sources */ = {isa = PBXBuildFile; fileRef = 704431B927F9BC6B000C091E /* CreateMemoViewController.swift */; };
		7046CB9D27F34391008ACE10 /* MemoCalendarView.swift in Sources */ = {isa = PBXBuildFile; fileRef = 7046CB9C27F34391008ACE10 /* MemoCalendarView.swift */; };
		7046CB9F27F4194E008ACE10 /* MemoCalendarBottomSheetViewController.swift in Sources */ = {isa = PBXBuildFile; fileRef = 7046CB9E27F4194E008ACE10 /* MemoCalendarBottomSheetViewController.swift */; };
		7046CBA527F438EA008ACE10 /* MemoCalendarViewController+UI.swift in Sources */ = {isa = PBXBuildFile; fileRef = 7046CBA427F438EA008ACE10 /* MemoCalendarViewController+UI.swift */; };
		7046CBA727F44504008ACE10 /* MemoCalendarBottomSheetViewController+UI.swift in Sources */ = {isa = PBXBuildFile; fileRef = 7046CBA627F44504008ACE10 /* MemoCalendarBottomSheetViewController+UI.swift */; };
		7048F8CD27F584A800BDA52A /* MemoCalendarBottomSheetView.swift in Sources */ = {isa = PBXBuildFile; fileRef = 7048F8CC27F584A800BDA52A /* MemoCalendarBottomSheetView.swift */; };
		7048F8CF27F5968C00BDA52A /* MemoCalendarViewCellTagView.swift in Sources */ = {isa = PBXBuildFile; fileRef = 7048F8CE27F5968C00BDA52A /* MemoCalendarViewCellTagView.swift */; };
		7048F8D527F5BCD600BDA52A /* MemoCalendarCollectionView.swift in Sources */ = {isa = PBXBuildFile; fileRef = 7048F8D427F5BCD600BDA52A /* MemoCalendarCollectionView.swift */; };
		704A9B6727F9FC0D00CA33DD /* MemoChartViewController.swift in Sources */ = {isa = PBXBuildFile; fileRef = 704A9B6627F9FC0D00CA33DD /* MemoChartViewController.swift */; };
		70608D6027FC6B4F005E9F01 /* DateButtonView.swift in Sources */ = {isa = PBXBuildFile; fileRef = 70608D5F27FC6B4F005E9F01 /* DateButtonView.swift */; };
		706D9B3827FAE3A400E0DD5F /* CalendarViewController.swift in Sources */ = {isa = PBXBuildFile; fileRef = 706D9B3727FAE3A400E0DD5F /* CalendarViewController.swift */; };
		706D9B3A27FAE66700E0DD5F /* CalendarVC+View.swift in Sources */ = {isa = PBXBuildFile; fileRef = 706D9B3927FAE66700E0DD5F /* CalendarVC+View.swift */; };
		7075B53A27F68C76002DBF8E /* MemoCalendarBottomSheetLineView.swift in Sources */ = {isa = PBXBuildFile; fileRef = 7075B53927F68C76002DBF8E /* MemoCalendarBottomSheetLineView.swift */; };
		70905D8D27E37D8E001CB7AF /* AppDelegate.swift in Sources */ = {isa = PBXBuildFile; fileRef = 70905D8C27E37D8E001CB7AF /* AppDelegate.swift */; };
		70905D8F27E37D8E001CB7AF /* SceneDelegate.swift in Sources */ = {isa = PBXBuildFile; fileRef = 70905D8E27E37D8E001CB7AF /* SceneDelegate.swift */; };
		70905DA427E37D8F001CB7AF /* moeumTests.swift in Sources */ = {isa = PBXBuildFile; fileRef = 70905DA327E37D8F001CB7AF /* moeumTests.swift */; };
		70905DAE27E37D8F001CB7AF /* moeumUITests.swift in Sources */ = {isa = PBXBuildFile; fileRef = 70905DAD27E37D8F001CB7AF /* moeumUITests.swift */; };
		70905DB027E37D8F001CB7AF /* moeumUITestsLaunchTests.swift in Sources */ = {isa = PBXBuildFile; fileRef = 70905DAF27E37D8F001CB7AF /* moeumUITestsLaunchTests.swift */; };
		70A788D027FCA7C900576034 /* ImageTextField.swift in Sources */ = {isa = PBXBuildFile; fileRef = 70A788CF27FCA7C900576034 /* ImageTextField.swift */; };
		70AE0FCC27FF3F6300E880A0 /* WritingVM+Logic.swift in Sources */ = {isa = PBXBuildFile; fileRef = 70AE0FCB27FF3F6300E880A0 /* WritingVM+Logic.swift */; };
		70AE0FCE27FF3F7800E880A0 /* WritingVM+Bind.swift in Sources */ = {isa = PBXBuildFile; fileRef = 70AE0FCD27FF3F7800E880A0 /* WritingVM+Bind.swift */; };
		70C05FBA27FBDF9D00093A2C /* ListViewController.swift in Sources */ = {isa = PBXBuildFile; fileRef = 70C05FB927FBDF9D00093A2C /* ListViewController.swift */; };
		70C05FBD27FC0EA800093A2C /* WritingButton.swift in Sources */ = {isa = PBXBuildFile; fileRef = 70C05FBC27FC0EA800093A2C /* WritingButton.swift */; };
		70CB745428006DE000DA4A8E /* Date+Ext.swift in Sources */ = {isa = PBXBuildFile; fileRef = 70CB745328006DE000DA4A8E /* Date+Ext.swift */; };
		70CB74562800716C00DA4A8E /* CalendarVM+Logic.swift in Sources */ = {isa = PBXBuildFile; fileRef = 70CB74552800716C00DA4A8E /* CalendarVM+Logic.swift */; };
		70CB745828007CF000DA4A8E /* CalendarVM+Bind.swift in Sources */ = {isa = PBXBuildFile; fileRef = 70CB745728007CF000DA4A8E /* CalendarVM+Bind.swift */; };
		70CF4DBF27EAEFC400046E92 /* TestViewController.swift in Sources */ = {isa = PBXBuildFile; fileRef = 70CF4DBE27EAEFC400046E92 /* TestViewController.swift */; };
		70CF4DC127EB000600046E92 /* lib.swift in Sources */ = {isa = PBXBuildFile; fileRef = 70CF4DC027EB000600046E92 /* lib.swift */; };
		70DAF00F27F2EAD000EBD946 /* MemoCalendarViewController.swift in Sources */ = {isa = PBXBuildFile; fileRef = 70DAF00E27F2EAD000EBD946 /* MemoCalendarViewController.swift */; };
		70DAF01327F2EF7500EBD946 /* MemoCalendarMonthPickerView.swift in Sources */ = {isa = PBXBuildFile; fileRef = 70DAF01227F2EF7500EBD946 /* MemoCalendarMonthPickerView.swift */; };
		70DAF01527F3043300EBD946 /* MemoCalendarWeekView.swift in Sources */ = {isa = PBXBuildFile; fileRef = 70DAF01427F3043300EBD946 /* MemoCalendarWeekView.swift */; };
		70E8B19F27FAB7BF0095B30E /* WritingVC+View.swift in Sources */ = {isa = PBXBuildFile; fileRef = 70E8B19E27FAB7BF0095B30E /* WritingVC+View.swift */; };
		70E8B1A127FAC1D40095B30E /* WritingView.swift in Sources */ = {isa = PBXBuildFile; fileRef = 70E8B1A027FAC1D40095B30E /* WritingView.swift */; };
		70F7493727FB3B7800B31791 /* MainViewController.swift in Sources */ = {isa = PBXBuildFile; fileRef = 70F7493627FB3B7800B31791 /* MainViewController.swift */; };
		70F7493A27FB3CA700B31791 /* ChartViewController.swift in Sources */ = {isa = PBXBuildFile; fileRef = 70F7493927FB3CA700B31791 /* ChartViewController.swift */; };
		70F7493C27FB404C00B31791 /* WeekLabelView.swift in Sources */ = {isa = PBXBuildFile; fileRef = 70F7493B27FB404C00B31791 /* WeekLabelView.swift */; };
		70F7493E27FB454E00B31791 /* CalendarViewCell.swift in Sources */ = {isa = PBXBuildFile; fileRef = 70F7493D27FB454E00B31791 /* CalendarViewCell.swift */; };
		70FFCBA927FDB8E50040F30C /* ViewModel.swift in Sources */ = {isa = PBXBuildFile; fileRef = 70FFCBA827FDB8E50040F30C /* ViewModel.swift */; };
		B4D9275861014F144C42B110 /* Pods_moeum_moeumUITests.framework in Frameworks */ = {isa = PBXBuildFile; fileRef = 9BA9D1712A8845A431022352 /* Pods_moeum_moeumUITests.framework */; };
		DFF8C6C2E09CEA69C5821C75 /* Pods_moeumTests.framework in Frameworks */ = {isa = PBXBuildFile; fileRef = 1AEAE695D7DD1324F7E3AF04 /* Pods_moeumTests.framework */; };
/* End PBXBuildFile section */

/* Begin PBXContainerItemProxy section */
		70905DA027E37D8F001CB7AF /* PBXContainerItemProxy */ = {
			isa = PBXContainerItemProxy;
			containerPortal = 70905D8127E37D8E001CB7AF /* Project object */;
			proxyType = 1;
			remoteGlobalIDString = 70905D8827E37D8E001CB7AF;
			remoteInfo = moeum;
		};
		70905DAA27E37D8F001CB7AF /* PBXContainerItemProxy */ = {
			isa = PBXContainerItemProxy;
			containerPortal = 70905D8127E37D8E001CB7AF /* Project object */;
			proxyType = 1;
			remoteGlobalIDString = 70905D8827E37D8E001CB7AF;
			remoteInfo = moeum;
		};
/* End PBXContainerItemProxy section */

/* Begin PBXFileReference section */
		0507833FD4AF2640E68E328E /* Pods_moeum.framework */ = {isa = PBXFileReference; explicitFileType = wrapper.framework; includeInIndex = 0; path = Pods_moeum.framework; sourceTree = BUILT_PRODUCTS_DIR; };
		1AEAE695D7DD1324F7E3AF04 /* Pods_moeumTests.framework */ = {isa = PBXFileReference; explicitFileType = wrapper.framework; includeInIndex = 0; path = Pods_moeumTests.framework; sourceTree = BUILT_PRODUCTS_DIR; };
		34382A13DB87538CF9258760 /* Pods-moeum-moeumUITests.release.xcconfig */ = {isa = PBXFileReference; includeInIndex = 1; lastKnownFileType = text.xcconfig; name = "Pods-moeum-moeumUITests.release.xcconfig"; path = "Target Support Files/Pods-moeum-moeumUITests/Pods-moeum-moeumUITests.release.xcconfig"; sourceTree = "<group>"; };
		62133CC2A280F78D1165B717 /* Pods-moeum-moeumUITests.debug.xcconfig */ = {isa = PBXFileReference; includeInIndex = 1; lastKnownFileType = text.xcconfig; name = "Pods-moeum-moeumUITests.debug.xcconfig"; path = "Target Support Files/Pods-moeum-moeumUITests/Pods-moeum-moeumUITests.debug.xcconfig"; sourceTree = "<group>"; };
		7000B11327E9AED70067E0B4 /* MemoBottomSheetView.swift */ = {isa = PBXFileReference; lastKnownFileType = sourcecode.swift; path = MemoBottomSheetView.swift; sourceTree = "<group>"; };
		70102DC627E4DBF100472CC0 /* MemoCalendarCollectionViewCell.swift */ = {isa = PBXFileReference; lastKnownFileType = sourcecode.swift; path = MemoCalendarCollectionViewCell.swift; sourceTree = "<group>"; };
		7024250C27F16FB8007A914D /* MemoSummaryView.swift */ = {isa = PBXFileReference; lastKnownFileType = sourcecode.swift; path = MemoSummaryView.swift; sourceTree = "<group>"; };
		7024250F27F17197007A914D /* Memo.swift */ = {isa = PBXFileReference; lastKnownFileType = sourcecode.swift; path = Memo.swift; sourceTree = "<group>"; };
		702E907C27FEC1CD00FF237B /* EnumType.swift */ = {isa = PBXFileReference; lastKnownFileType = sourcecode.swift; path = EnumType.swift; sourceTree = "<group>"; };
		702E907E27FECF4800FF237B /* WritingVC+Bind.swift */ = {isa = PBXFileReference; lastKnownFileType = sourcecode.swift; path = "WritingVC+Bind.swift"; sourceTree = "<group>"; };
		702E908027FEE31000FF237B /* CalendarVC+Bind.swift */ = {isa = PBXFileReference; lastKnownFileType = sourcecode.swift; path = "CalendarVC+Bind.swift"; sourceTree = "<group>"; };
		702E908227FEE35700FF237B /* CalendarVC+Logic.swift */ = {isa = PBXFileReference; lastKnownFileType = sourcecode.swift; path = "CalendarVC+Logic.swift"; sourceTree = "<group>"; };
		702E908427FEE42500FF237B /* WritingVC+Logic.swift */ = {isa = PBXFileReference; lastKnownFileType = sourcecode.swift; path = "WritingVC+Logic.swift"; sourceTree = "<group>"; };
		702FA6E827FD454B004417D9 /* ImageLabel.swift */ = {isa = PBXFileReference; lastKnownFileType = sourcecode.swift; path = ImageLabel.swift; sourceTree = "<group>"; };
		702FA6EA27FD45EB004417D9 /* ImageTextView.swift */ = {isa = PBXFileReference; lastKnownFileType = sourcecode.swift; path = ImageTextView.swift; sourceTree = "<group>"; };
		702FA6EC27FD5EF9004417D9 /* TagLabel.swift */ = {isa = PBXFileReference; lastKnownFileType = sourcecode.swift; path = TagLabel.swift; sourceTree = "<group>"; };
		702FA6EE27FD68E5004417D9 /* Record.swift */ = {isa = PBXFileReference; lastKnownFileType = sourcecode.swift; path = Record.swift; sourceTree = "<group>"; };
		702FA6F427FD7402004417D9 /* RecordEntity.swift */ = {isa = PBXFileReference; lastKnownFileType = sourcecode.swift; path = RecordEntity.swift; sourceTree = "<group>"; };
		702FA6F627FD741D004417D9 /* RecordRepository.swift */ = {isa = PBXFileReference; lastKnownFileType = sourcecode.swift; path = RecordRepository.swift; sourceTree = "<group>"; };
		702FA6F827FD7428004417D9 /* RecordService.swift */ = {isa = PBXFileReference; lastKnownFileType = sourcecode.swift; path = RecordService.swift; sourceTree = "<group>"; };
		702FA6FC27FD74B8004417D9 /* WritingViewModel.swift */ = {isa = PBXFileReference; lastKnownFileType = sourcecode.swift; path = WritingViewModel.swift; sourceTree = "<group>"; };
		703052DC28001D8900ED9C90 /* CalendarViewModel.swift */ = {isa = PBXFileReference; lastKnownFileType = sourcecode.swift; path = CalendarViewModel.swift; sourceTree = "<group>"; };
		7037B46327FAB048004F3828 /* WritingViewController.swift */ = {isa = PBXFileReference; lastKnownFileType = sourcecode.swift; path = WritingViewController.swift; sourceTree = "<group>"; };
		7037B46627FAB0C3004F3828 /* CalendarHeaderView.swift */ = {isa = PBXFileReference; lastKnownFileType = sourcecode.swift; path = CalendarHeaderView.swift; sourceTree = "<group>"; };
		7037B46827FAB0E0004F3828 /* WritingHeaderView.swift */ = {isa = PBXFileReference; lastKnownFileType = sourcecode.swift; path = WritingHeaderView.swift; sourceTree = "<group>"; };
		704431B627F9772F000C091E /* MemoCalendarBottomSheetLineLabelView.swift */ = {isa = PBXFileReference; lastKnownFileType = sourcecode.swift; path = MemoCalendarBottomSheetLineLabelView.swift; sourceTree = "<group>"; };
		704431B927F9BC6B000C091E /* CreateMemoViewController.swift */ = {isa = PBXFileReference; lastKnownFileType = sourcecode.swift; path = CreateMemoViewController.swift; sourceTree = "<group>"; };
		7046CB9C27F34391008ACE10 /* MemoCalendarView.swift */ = {isa = PBXFileReference; lastKnownFileType = sourcecode.swift; path = MemoCalendarView.swift; sourceTree = "<group>"; };
		7046CB9E27F4194E008ACE10 /* MemoCalendarBottomSheetViewController.swift */ = {isa = PBXFileReference; lastKnownFileType = sourcecode.swift; path = MemoCalendarBottomSheetViewController.swift; sourceTree = "<group>"; };
		7046CBA427F438EA008ACE10 /* MemoCalendarViewController+UI.swift */ = {isa = PBXFileReference; lastKnownFileType = sourcecode.swift; path = "MemoCalendarViewController+UI.swift"; sourceTree = "<group>"; };
		7046CBA627F44504008ACE10 /* MemoCalendarBottomSheetViewController+UI.swift */ = {isa = PBXFileReference; lastKnownFileType = sourcecode.swift; path = "MemoCalendarBottomSheetViewController+UI.swift"; sourceTree = "<group>"; };
		7048F8CC27F584A800BDA52A /* MemoCalendarBottomSheetView.swift */ = {isa = PBXFileReference; lastKnownFileType = sourcecode.swift; path = MemoCalendarBottomSheetView.swift; sourceTree = "<group>"; };
		7048F8CE27F5968C00BDA52A /* MemoCalendarViewCellTagView.swift */ = {isa = PBXFileReference; lastKnownFileType = sourcecode.swift; path = MemoCalendarViewCellTagView.swift; sourceTree = "<group>"; };
		7048F8D427F5BCD600BDA52A /* MemoCalendarCollectionView.swift */ = {isa = PBXFileReference; lastKnownFileType = sourcecode.swift; path = MemoCalendarCollectionView.swift; sourceTree = "<group>"; };
		704A9B6627F9FC0D00CA33DD /* MemoChartViewController.swift */ = {isa = PBXFileReference; lastKnownFileType = sourcecode.swift; path = MemoChartViewController.swift; sourceTree = "<group>"; };
		70608D5F27FC6B4F005E9F01 /* DateButtonView.swift */ = {isa = PBXFileReference; lastKnownFileType = sourcecode.swift; path = DateButtonView.swift; sourceTree = "<group>"; };
		706D9B3727FAE3A400E0DD5F /* CalendarViewController.swift */ = {isa = PBXFileReference; lastKnownFileType = sourcecode.swift; path = CalendarViewController.swift; sourceTree = "<group>"; };
		706D9B3927FAE66700E0DD5F /* CalendarVC+View.swift */ = {isa = PBXFileReference; lastKnownFileType = sourcecode.swift; path = "CalendarVC+View.swift"; sourceTree = "<group>"; };
		7075B53927F68C76002DBF8E /* MemoCalendarBottomSheetLineView.swift */ = {isa = PBXFileReference; lastKnownFileType = sourcecode.swift; path = MemoCalendarBottomSheetLineView.swift; sourceTree = "<group>"; };
		70905D8927E37D8E001CB7AF /* moeum.app */ = {isa = PBXFileReference; explicitFileType = wrapper.application; includeInIndex = 0; path = moeum.app; sourceTree = BUILT_PRODUCTS_DIR; };
		70905D8C27E37D8E001CB7AF /* AppDelegate.swift */ = {isa = PBXFileReference; lastKnownFileType = sourcecode.swift; path = AppDelegate.swift; sourceTree = "<group>"; };
		70905D8E27E37D8E001CB7AF /* SceneDelegate.swift */ = {isa = PBXFileReference; lastKnownFileType = sourcecode.swift; path = SceneDelegate.swift; sourceTree = "<group>"; };
		70905D9527E37D8F001CB7AF /* Assets.xcassets */ = {isa = PBXFileReference; lastKnownFileType = folder.assetcatalog; path = Assets.xcassets; sourceTree = "<group>"; };
		70905D9A27E37D8F001CB7AF /* Info.plist */ = {isa = PBXFileReference; lastKnownFileType = text.plist.xml; path = Info.plist; sourceTree = "<group>"; };
		70905D9F27E37D8F001CB7AF /* moeumTests.xctest */ = {isa = PBXFileReference; explicitFileType = wrapper.cfbundle; includeInIndex = 0; path = moeumTests.xctest; sourceTree = BUILT_PRODUCTS_DIR; };
		70905DA327E37D8F001CB7AF /* moeumTests.swift */ = {isa = PBXFileReference; lastKnownFileType = sourcecode.swift; path = moeumTests.swift; sourceTree = "<group>"; };
		70905DA927E37D8F001CB7AF /* moeumUITests.xctest */ = {isa = PBXFileReference; explicitFileType = wrapper.cfbundle; includeInIndex = 0; path = moeumUITests.xctest; sourceTree = BUILT_PRODUCTS_DIR; };
		70905DAD27E37D8F001CB7AF /* moeumUITests.swift */ = {isa = PBXFileReference; lastKnownFileType = sourcecode.swift; path = moeumUITests.swift; sourceTree = "<group>"; };
		70905DAF27E37D8F001CB7AF /* moeumUITestsLaunchTests.swift */ = {isa = PBXFileReference; lastKnownFileType = sourcecode.swift; path = moeumUITestsLaunchTests.swift; sourceTree = "<group>"; };
		70A788CF27FCA7C900576034 /* ImageTextField.swift */ = {isa = PBXFileReference; lastKnownFileType = sourcecode.swift; path = ImageTextField.swift; sourceTree = "<group>"; };
		70AE0FCB27FF3F6300E880A0 /* WritingVM+Logic.swift */ = {isa = PBXFileReference; lastKnownFileType = sourcecode.swift; path = "WritingVM+Logic.swift"; sourceTree = "<group>"; };
		70AE0FCD27FF3F7800E880A0 /* WritingVM+Bind.swift */ = {isa = PBXFileReference; lastKnownFileType = sourcecode.swift; path = "WritingVM+Bind.swift"; sourceTree = "<group>"; };
		70C05FB927FBDF9D00093A2C /* ListViewController.swift */ = {isa = PBXFileReference; lastKnownFileType = sourcecode.swift; path = ListViewController.swift; sourceTree = "<group>"; };
		70C05FBC27FC0EA800093A2C /* WritingButton.swift */ = {isa = PBXFileReference; lastKnownFileType = sourcecode.swift; path = WritingButton.swift; sourceTree = "<group>"; };
		70CB745328006DE000DA4A8E /* Date+Ext.swift */ = {isa = PBXFileReference; lastKnownFileType = sourcecode.swift; path = "Date+Ext.swift"; sourceTree = "<group>"; };
		70CB74552800716C00DA4A8E /* CalendarVM+Logic.swift */ = {isa = PBXFileReference; lastKnownFileType = sourcecode.swift; path = "CalendarVM+Logic.swift"; sourceTree = "<group>"; };
		70CB745728007CF000DA4A8E /* CalendarVM+Bind.swift */ = {isa = PBXFileReference; lastKnownFileType = sourcecode.swift; path = "CalendarVM+Bind.swift"; sourceTree = "<group>"; };
		70CF4DBC27EAD84B00046E92 /* CalendarViewController.swift */ = {isa = PBXFileReference; lastKnownFileType = sourcecode.swift; path = CalendarViewController.swift; sourceTree = "<group>"; };
		70CF4DBE27EAEFC400046E92 /* TestViewController.swift */ = {isa = PBXFileReference; lastKnownFileType = sourcecode.swift; path = TestViewController.swift; sourceTree = "<group>"; };
		70CF4DC027EB000600046E92 /* lib.swift */ = {isa = PBXFileReference; lastKnownFileType = sourcecode.swift; path = lib.swift; sourceTree = "<group>"; };
		70DAF00E27F2EAD000EBD946 /* MemoCalendarViewController.swift */ = {isa = PBXFileReference; lastKnownFileType = sourcecode.swift; path = MemoCalendarViewController.swift; sourceTree = "<group>"; };
		70DAF01227F2EF7500EBD946 /* MemoCalendarMonthPickerView.swift */ = {isa = PBXFileReference; lastKnownFileType = sourcecode.swift; path = MemoCalendarMonthPickerView.swift; sourceTree = "<group>"; };
		70DAF01427F3043300EBD946 /* MemoCalendarWeekView.swift */ = {isa = PBXFileReference; lastKnownFileType = sourcecode.swift; path = MemoCalendarWeekView.swift; sourceTree = "<group>"; };
		70E8B19E27FAB7BF0095B30E /* WritingVC+View.swift */ = {isa = PBXFileReference; lastKnownFileType = sourcecode.swift; path = "WritingVC+View.swift"; sourceTree = "<group>"; };
		70E8B1A027FAC1D40095B30E /* WritingView.swift */ = {isa = PBXFileReference; lastKnownFileType = sourcecode.swift; path = WritingView.swift; sourceTree = "<group>"; };
		70F7493627FB3B7800B31791 /* MainViewController.swift */ = {isa = PBXFileReference; lastKnownFileType = sourcecode.swift; path = MainViewController.swift; sourceTree = "<group>"; };
		70F7493927FB3CA700B31791 /* ChartViewController.swift */ = {isa = PBXFileReference; lastKnownFileType = sourcecode.swift; path = ChartViewController.swift; sourceTree = "<group>"; };
		70F7493B27FB404C00B31791 /* WeekLabelView.swift */ = {isa = PBXFileReference; lastKnownFileType = sourcecode.swift; path = WeekLabelView.swift; sourceTree = "<group>"; };
		70F7493D27FB454E00B31791 /* CalendarViewCell.swift */ = {isa = PBXFileReference; lastKnownFileType = sourcecode.swift; path = CalendarViewCell.swift; sourceTree = "<group>"; };
		70FFCBA827FDB8E50040F30C /* ViewModel.swift */ = {isa = PBXFileReference; lastKnownFileType = sourcecode.swift; path = ViewModel.swift; sourceTree = "<group>"; };
		9BA9D1712A8845A431022352 /* Pods_moeum_moeumUITests.framework */ = {isa = PBXFileReference; explicitFileType = wrapper.framework; includeInIndex = 0; path = Pods_moeum_moeumUITests.framework; sourceTree = BUILT_PRODUCTS_DIR; };
		A482E8906E014BA2018EAFE7 /* Pods-moeumTests.debug.xcconfig */ = {isa = PBXFileReference; includeInIndex = 1; lastKnownFileType = text.xcconfig; name = "Pods-moeumTests.debug.xcconfig"; path = "Target Support Files/Pods-moeumTests/Pods-moeumTests.debug.xcconfig"; sourceTree = "<group>"; };
		CBE0288E25FF7586019FA416 /* Pods-moeum.release.xcconfig */ = {isa = PBXFileReference; includeInIndex = 1; lastKnownFileType = text.xcconfig; name = "Pods-moeum.release.xcconfig"; path = "Target Support Files/Pods-moeum/Pods-moeum.release.xcconfig"; sourceTree = "<group>"; };
		F2236B31430E02B49B398B6E /* Pods-moeum.debug.xcconfig */ = {isa = PBXFileReference; includeInIndex = 1; lastKnownFileType = text.xcconfig; name = "Pods-moeum.debug.xcconfig"; path = "Target Support Files/Pods-moeum/Pods-moeum.debug.xcconfig"; sourceTree = "<group>"; };
		F969D54C5214F9C368E5C201 /* Pods-moeumTests.release.xcconfig */ = {isa = PBXFileReference; includeInIndex = 1; lastKnownFileType = text.xcconfig; name = "Pods-moeumTests.release.xcconfig"; path = "Target Support Files/Pods-moeumTests/Pods-moeumTests.release.xcconfig"; sourceTree = "<group>"; };
/* End PBXFileReference section */

/* Begin PBXFrameworksBuildPhase section */
		70905D8627E37D8E001CB7AF /* Frameworks */ = {
			isa = PBXFrameworksBuildPhase;
			buildActionMask = 2147483647;
			files = (
				4978DFCBD214C06E5E96E8FA /* Pods_moeum.framework in Frameworks */,
			);
			runOnlyForDeploymentPostprocessing = 0;
		};
		70905D9C27E37D8F001CB7AF /* Frameworks */ = {
			isa = PBXFrameworksBuildPhase;
			buildActionMask = 2147483647;
			files = (
				DFF8C6C2E09CEA69C5821C75 /* Pods_moeumTests.framework in Frameworks */,
			);
			runOnlyForDeploymentPostprocessing = 0;
		};
		70905DA627E37D8F001CB7AF /* Frameworks */ = {
			isa = PBXFrameworksBuildPhase;
			buildActionMask = 2147483647;
			files = (
				B4D9275861014F144C42B110 /* Pods_moeum_moeumUITests.framework in Frameworks */,
			);
			runOnlyForDeploymentPostprocessing = 0;
		};
/* End PBXFrameworksBuildPhase section */

/* Begin PBXGroup section */
		7000B11527E9B2420067E0B4 /* MemoCalendar */ = {
			isa = PBXGroup;
			children = (
				70DAF00D27F2EA0C00EBD946 /* Components */,
				70DAF00E27F2EAD000EBD946 /* MemoCalendarViewController.swift */,
				7046CBA427F438EA008ACE10 /* MemoCalendarViewController+UI.swift */,
				7046CB9E27F4194E008ACE10 /* MemoCalendarBottomSheetViewController.swift */,
				7046CBA627F44504008ACE10 /* MemoCalendarBottomSheetViewController+UI.swift */,
			);
			path = MemoCalendar;
			sourceTree = "<group>";
		};
		7024250E27F1717B007A914D /* Model */ = {
			isa = PBXGroup;
			children = (
				7024250F27F17197007A914D /* Memo.swift */,
				702FA6EE27FD68E5004417D9 /* Record.swift */,
			);
			path = Model;
			sourceTree = "<group>";
		};
		702E907A27FEC19600FF237B /* Type */ = {
			isa = PBXGroup;
			children = (
				702E907C27FEC1CD00FF237B /* EnumType.swift */,
			);
			path = Type;
			sourceTree = "<group>";
		};
		702E907B27FEC1A000FF237B /* Resource */ = {
			isa = PBXGroup;
			children = (
				702FA6F327FD7399004417D9 /* Trash */,
				702E907A27FEC19600FF237B /* Type */,
			);
			path = Resource;
			sourceTree = "<group>";
		};
		702FA6F027FD6FAA004417D9 /* Entity */ = {
			isa = PBXGroup;
			children = (
				702FA6F427FD7402004417D9 /* RecordEntity.swift */,
			);
			path = Entity;
			sourceTree = "<group>";
		};
		702FA6F127FD6FEE004417D9 /* Service */ = {
			isa = PBXGroup;
			children = (
				702FA6F827FD7428004417D9 /* RecordService.swift */,
			);
			path = Service;
			sourceTree = "<group>";
		};
		702FA6F227FD7002004417D9 /* Repository */ = {
			isa = PBXGroup;
			children = (
				702FA6F627FD741D004417D9 /* RecordRepository.swift */,
			);
			path = Repository;
			sourceTree = "<group>";
		};
		702FA6F327FD7399004417D9 /* Trash */ = {
			isa = PBXGroup;
			children = (
				704431B827F9BC43000C091E /* CreateMemo */,
				7000B11527E9B2420067E0B4 /* MemoCalendar */,
				704A9B6527F9FBEC00CA33DD /* MemoChart */,
				7000B11327E9AED70067E0B4 /* MemoBottomSheetView.swift */,
				7024250C27F16FB8007A914D /* MemoSummaryView.swift */,
				7046CB9C27F34391008ACE10 /* MemoCalendarView.swift */,
				70CF4DBC27EAD84B00046E92 /* CalendarViewController.swift */,
			);
			path = Trash;
			sourceTree = "<group>";
		};
		702FA6FA27FD7470004417D9 /* Writing */ = {
			isa = PBXGroup;
			children = (
				702FA6FC27FD74B8004417D9 /* WritingViewModel.swift */,
				70AE0FCD27FF3F7800E880A0 /* WritingVM+Bind.swift */,
				70AE0FCB27FF3F6300E880A0 /* WritingVM+Logic.swift */,
			);
			path = Writing;
			sourceTree = "<group>";
		};
		702FA6FB27FD7478004417D9 /* Calendar */ = {
			isa = PBXGroup;
			children = (
				703052DC28001D8900ED9C90 /* CalendarViewModel.swift */,
				70CB745728007CF000DA4A8E /* CalendarVM+Bind.swift */,
				70CB74552800716C00DA4A8E /* CalendarVM+Logic.swift */,
			);
			path = Calendar;
			sourceTree = "<group>";
		};
		7037B46127FAAFDC004F3828 /* ViewController */ = {
			isa = PBXGroup;
			children = (
				70F7493527FB3B3F00B31791 /* Main */,
				7037B46227FAAFFA004F3828 /* Calendar */,
				70C05FBE27FC1D9D00093A2C /* Writing */,
				70C05FB827FBDF8B00093A2C /* List */,
				70F7493827FB3C6E00B31791 /* Chart */,
			);
			path = ViewController;
			sourceTree = "<group>";
		};
		7037B46227FAAFFA004F3828 /* Calendar */ = {
			isa = PBXGroup;
			children = (
				706D9B3727FAE3A400E0DD5F /* CalendarViewController.swift */,
				706D9B3927FAE66700E0DD5F /* CalendarVC+View.swift */,
				702E908027FEE31000FF237B /* CalendarVC+Bind.swift */,
				702E908227FEE35700FF237B /* CalendarVC+Logic.swift */,
			);
			path = Calendar;
			sourceTree = "<group>";
		};
		7037B46527FAB087004F3828 /* Calendar */ = {
			isa = PBXGroup;
			children = (
				7037B46627FAB0C3004F3828 /* CalendarHeaderView.swift */,
				70F7493D27FB454E00B31791 /* CalendarViewCell.swift */,
			);
			path = Calendar;
			sourceTree = "<group>";
		};
		704431B827F9BC43000C091E /* CreateMemo */ = {
			isa = PBXGroup;
			children = (
				704431B927F9BC6B000C091E /* CreateMemoViewController.swift */,
			);
			path = CreateMemo;
			sourceTree = "<group>";
		};
		704A9B6527F9FBEC00CA33DD /* MemoChart */ = {
			isa = PBXGroup;
			children = (
				704A9B6627F9FC0D00CA33DD /* MemoChartViewController.swift */,
			);
			path = MemoChart;
			sourceTree = "<group>";
		};
		70905D8027E37D8E001CB7AF = {
			isa = PBXGroup;
			children = (
				70905D8B27E37D8E001CB7AF /* moeum */,
				70905DA227E37D8F001CB7AF /* moeumTests */,
				70905DAC27E37D8F001CB7AF /* moeumUITests */,
				70905D8A27E37D8E001CB7AF /* Products */,
				ECA56B16C65228BD4DE5BDA5 /* Pods */,
				C3BCA2BAD6883C605E6DA1E1 /* Frameworks */,
			);
			sourceTree = "<group>";
		};
		70905D8A27E37D8E001CB7AF /* Products */ = {
			isa = PBXGroup;
			children = (
				70905D8927E37D8E001CB7AF /* moeum.app */,
				70905D9F27E37D8F001CB7AF /* moeumTests.xctest */,
				70905DA927E37D8F001CB7AF /* moeumUITests.xctest */,
			);
			name = Products;
			sourceTree = "<group>";
		};
		70905D8B27E37D8E001CB7AF /* moeum */ = {
			isa = PBXGroup;
			children = (
				70CB745228006DC500DA4A8E /* Extension */,
				702E907B27FEC1A000FF237B /* Resource */,
				702FA6F027FD6FAA004417D9 /* Entity */,
				702FA6F227FD7002004417D9 /* Repository */,
				702FA6F127FD6FEE004417D9 /* Service */,
				7024250E27F1717B007A914D /* Model */,
				70DAF00A27F2E37E00EBD946 /* View */,
				7037B46127FAAFDC004F3828 /* ViewController */,
				70DAF00B27F2E38800EBD946 /* ViewModel */,
				70905D8C27E37D8E001CB7AF /* AppDelegate.swift */,
				70905D8E27E37D8E001CB7AF /* SceneDelegate.swift */,
				70CF4DBE27EAEFC400046E92 /* TestViewController.swift */,
				70905D9527E37D8F001CB7AF /* Assets.xcassets */,
				70905D9A27E37D8F001CB7AF /* Info.plist */,
				70CF4DC027EB000600046E92 /* lib.swift */,
			);
			path = moeum;
			sourceTree = "<group>";
		};
		70905DA227E37D8F001CB7AF /* moeumTests */ = {
			isa = PBXGroup;
			children = (
				70905DA327E37D8F001CB7AF /* moeumTests.swift */,
			);
			path = moeumTests;
			sourceTree = "<group>";
		};
		70905DAC27E37D8F001CB7AF /* moeumUITests */ = {
			isa = PBXGroup;
			children = (
				70905DAD27E37D8F001CB7AF /* moeumUITests.swift */,
				70905DAF27E37D8F001CB7AF /* moeumUITestsLaunchTests.swift */,
			);
			path = moeumUITests;
			sourceTree = "<group>";
		};
		70C05FB827FBDF8B00093A2C /* List */ = {
			isa = PBXGroup;
			children = (
				70C05FB927FBDF9D00093A2C /* ListViewController.swift */,
			);
			path = List;
			sourceTree = "<group>";
		};
		70C05FBB27FC0E7B00093A2C /* Reusable */ = {
			isa = PBXGroup;
			children = (
				702FA6EC27FD5EF9004417D9 /* TagLabel.swift */,
				70F7493B27FB404C00B31791 /* WeekLabelView.swift */,
				70608D5F27FC6B4F005E9F01 /* DateButtonView.swift */,
				70A788CF27FCA7C900576034 /* ImageTextField.swift */,
				702FA6EA27FD45EB004417D9 /* ImageTextView.swift */,
				702FA6E827FD454B004417D9 /* ImageLabel.swift */,
			);
			path = Reusable;
			sourceTree = "<group>";
		};
		70C05FBE27FC1D9D00093A2C /* Writing */ = {
			isa = PBXGroup;
			children = (
				7037B46327FAB048004F3828 /* WritingViewController.swift */,
				70E8B19E27FAB7BF0095B30E /* WritingVC+View.swift */,
				702E907E27FECF4800FF237B /* WritingVC+Bind.swift */,
				702E908427FEE42500FF237B /* WritingVC+Logic.swift */,
			);
			path = Writing;
			sourceTree = "<group>";
		};
		70C05FC127FC378100093A2C /* Writing */ = {
			isa = PBXGroup;
			children = (
				7037B46827FAB0E0004F3828 /* WritingHeaderView.swift */,
				70E8B1A027FAC1D40095B30E /* WritingView.swift */,
				70C05FBC27FC0EA800093A2C /* WritingButton.swift */,
			);
			path = Writing;
			sourceTree = "<group>";
		};
		70CB745228006DC500DA4A8E /* Extension */ = {
			isa = PBXGroup;
			children = (
				70CB745328006DE000DA4A8E /* Date+Ext.swift */,
			);
			path = Extension;
			sourceTree = "<group>";
		};
		70DAF00A27F2E37E00EBD946 /* View */ = {
			isa = PBXGroup;
			children = (
				7037B46527FAB087004F3828 /* Calendar */,
				70C05FC127FC378100093A2C /* Writing */,
				70C05FBB27FC0E7B00093A2C /* Reusable */,
			);
			path = View;
			sourceTree = "<group>";
		};
		70DAF00B27F2E38800EBD946 /* ViewModel */ = {
			isa = PBXGroup;
			children = (
				702FA6FB27FD7478004417D9 /* Calendar */,
				702FA6FA27FD7470004417D9 /* Writing */,
				70FFCBA827FDB8E50040F30C /* ViewModel.swift */,
			);
			path = ViewModel;
			sourceTree = "<group>";
		};
		70DAF00D27F2EA0C00EBD946 /* Components */ = {
			isa = PBXGroup;
			children = (
				70DAF01227F2EF7500EBD946 /* MemoCalendarMonthPickerView.swift */,
				70DAF01427F3043300EBD946 /* MemoCalendarWeekView.swift */,
				7048F8CC27F584A800BDA52A /* MemoCalendarBottomSheetView.swift */,
				70102DC627E4DBF100472CC0 /* MemoCalendarCollectionViewCell.swift */,
				7048F8CE27F5968C00BDA52A /* MemoCalendarViewCellTagView.swift */,
				7048F8D427F5BCD600BDA52A /* MemoCalendarCollectionView.swift */,
				7075B53927F68C76002DBF8E /* MemoCalendarBottomSheetLineView.swift */,
				704431B627F9772F000C091E /* MemoCalendarBottomSheetLineLabelView.swift */,
			);
			path = Components;
			sourceTree = "<group>";
		};
		70F7493527FB3B3F00B31791 /* Main */ = {
			isa = PBXGroup;
			children = (
				70F7493627FB3B7800B31791 /* MainViewController.swift */,
			);
			path = Main;
			sourceTree = "<group>";
		};
		70F7493827FB3C6E00B31791 /* Chart */ = {
			isa = PBXGroup;
			children = (
				70F7493927FB3CA700B31791 /* ChartViewController.swift */,
			);
			path = Chart;
			sourceTree = "<group>";
		};
		C3BCA2BAD6883C605E6DA1E1 /* Frameworks */ = {
			isa = PBXGroup;
			children = (
				0507833FD4AF2640E68E328E /* Pods_moeum.framework */,
				9BA9D1712A8845A431022352 /* Pods_moeum_moeumUITests.framework */,
				1AEAE695D7DD1324F7E3AF04 /* Pods_moeumTests.framework */,
			);
			name = Frameworks;
			sourceTree = "<group>";
		};
		ECA56B16C65228BD4DE5BDA5 /* Pods */ = {
			isa = PBXGroup;
			children = (
				F2236B31430E02B49B398B6E /* Pods-moeum.debug.xcconfig */,
				CBE0288E25FF7586019FA416 /* Pods-moeum.release.xcconfig */,
				62133CC2A280F78D1165B717 /* Pods-moeum-moeumUITests.debug.xcconfig */,
				34382A13DB87538CF9258760 /* Pods-moeum-moeumUITests.release.xcconfig */,
				A482E8906E014BA2018EAFE7 /* Pods-moeumTests.debug.xcconfig */,
				F969D54C5214F9C368E5C201 /* Pods-moeumTests.release.xcconfig */,
			);
			path = Pods;
			sourceTree = "<group>";
		};
/* End PBXGroup section */

/* Begin PBXNativeTarget section */
		70905D8827E37D8E001CB7AF /* moeum */ = {
			isa = PBXNativeTarget;
			buildConfigurationList = 70905DB327E37D8F001CB7AF /* Build configuration list for PBXNativeTarget "moeum" */;
			buildPhases = (
				5AF8958A69152379701E9DBA /* [CP] Check Pods Manifest.lock */,
				70905D8527E37D8E001CB7AF /* Sources */,
				70905D8627E37D8E001CB7AF /* Frameworks */,
				70905D8727E37D8E001CB7AF /* Resources */,
				3A97D943C0540459BD34D5B4 /* [CP] Embed Pods Frameworks */,
			);
			buildRules = (
			);
			dependencies = (
			);
			name = moeum;
			productName = moeum;
			productReference = 70905D8927E37D8E001CB7AF /* moeum.app */;
			productType = "com.apple.product-type.application";
		};
		70905D9E27E37D8F001CB7AF /* moeumTests */ = {
			isa = PBXNativeTarget;
			buildConfigurationList = 70905DB627E37D8F001CB7AF /* Build configuration list for PBXNativeTarget "moeumTests" */;
			buildPhases = (
				F737A7C9DCD2F59AAC99FD2A /* [CP] Check Pods Manifest.lock */,
				70905D9B27E37D8F001CB7AF /* Sources */,
				70905D9C27E37D8F001CB7AF /* Frameworks */,
				70905D9D27E37D8F001CB7AF /* Resources */,
			);
			buildRules = (
			);
			dependencies = (
				70905DA127E37D8F001CB7AF /* PBXTargetDependency */,
			);
			name = moeumTests;
			productName = moeumTests;
			productReference = 70905D9F27E37D8F001CB7AF /* moeumTests.xctest */;
			productType = "com.apple.product-type.bundle.unit-test";
		};
		70905DA827E37D8F001CB7AF /* moeumUITests */ = {
			isa = PBXNativeTarget;
			buildConfigurationList = 70905DB927E37D8F001CB7AF /* Build configuration list for PBXNativeTarget "moeumUITests" */;
			buildPhases = (
				937285C76A927C037ABC7B9B /* [CP] Check Pods Manifest.lock */,
				70905DA527E37D8F001CB7AF /* Sources */,
				70905DA627E37D8F001CB7AF /* Frameworks */,
				70905DA727E37D8F001CB7AF /* Resources */,
				678AB28C82FFA528494729A4 /* [CP] Embed Pods Frameworks */,
			);
			buildRules = (
			);
			dependencies = (
				70905DAB27E37D8F001CB7AF /* PBXTargetDependency */,
			);
			name = moeumUITests;
			productName = moeumUITests;
			productReference = 70905DA927E37D8F001CB7AF /* moeumUITests.xctest */;
			productType = "com.apple.product-type.bundle.ui-testing";
		};
/* End PBXNativeTarget section */

/* Begin PBXProject section */
		70905D8127E37D8E001CB7AF /* Project object */ = {
			isa = PBXProject;
			attributes = {
				BuildIndependentTargetsInParallel = 1;
				LastSwiftUpdateCheck = 1300;
				LastUpgradeCheck = 1300;
				TargetAttributes = {
					70905D8827E37D8E001CB7AF = {
						CreatedOnToolsVersion = 13.0;
					};
					70905D9E27E37D8F001CB7AF = {
						CreatedOnToolsVersion = 13.0;
						TestTargetID = 70905D8827E37D8E001CB7AF;
					};
					70905DA827E37D8F001CB7AF = {
						CreatedOnToolsVersion = 13.0;
						TestTargetID = 70905D8827E37D8E001CB7AF;
					};
				};
			};
			buildConfigurationList = 70905D8427E37D8E001CB7AF /* Build configuration list for PBXProject "moeum" */;
			compatibilityVersion = "Xcode 13.0";
			developmentRegion = en;
			hasScannedForEncodings = 0;
			knownRegions = (
				en,
				Base,
			);
			mainGroup = 70905D8027E37D8E001CB7AF;
			productRefGroup = 70905D8A27E37D8E001CB7AF /* Products */;
			projectDirPath = "";
			projectRoot = "";
			targets = (
				70905D8827E37D8E001CB7AF /* moeum */,
				70905D9E27E37D8F001CB7AF /* moeumTests */,
				70905DA827E37D8F001CB7AF /* moeumUITests */,
			);
		};
/* End PBXProject section */

/* Begin PBXResourcesBuildPhase section */
		70905D8727E37D8E001CB7AF /* Resources */ = {
			isa = PBXResourcesBuildPhase;
			buildActionMask = 2147483647;
			files = (
			);
			runOnlyForDeploymentPostprocessing = 0;
		};
		70905D9D27E37D8F001CB7AF /* Resources */ = {
			isa = PBXResourcesBuildPhase;
			buildActionMask = 2147483647;
			files = (
			);
			runOnlyForDeploymentPostprocessing = 0;
		};
		70905DA727E37D8F001CB7AF /* Resources */ = {
			isa = PBXResourcesBuildPhase;
			buildActionMask = 2147483647;
			files = (
			);
			runOnlyForDeploymentPostprocessing = 0;
		};
/* End PBXResourcesBuildPhase section */

/* Begin PBXShellScriptBuildPhase section */
		3A97D943C0540459BD34D5B4 /* [CP] Embed Pods Frameworks */ = {
			isa = PBXShellScriptBuildPhase;
			buildActionMask = 2147483647;
			files = (
			);
			inputFileListPaths = (
				"${PODS_ROOT}/Target Support Files/Pods-moeum/Pods-moeum-frameworks-${CONFIGURATION}-input-files.xcfilelist",
			);
			name = "[CP] Embed Pods Frameworks";
			outputFileListPaths = (
				"${PODS_ROOT}/Target Support Files/Pods-moeum/Pods-moeum-frameworks-${CONFIGURATION}-output-files.xcfilelist",
			);
			runOnlyForDeploymentPostprocessing = 0;
			shellPath = /bin/sh;
			shellScript = "\"${PODS_ROOT}/Target Support Files/Pods-moeum/Pods-moeum-frameworks.sh\"\n";
			showEnvVarsInLog = 0;
		};
		5AF8958A69152379701E9DBA /* [CP] Check Pods Manifest.lock */ = {
			isa = PBXShellScriptBuildPhase;
			buildActionMask = 2147483647;
			files = (
			);
			inputFileListPaths = (
			);
			inputPaths = (
				"${PODS_PODFILE_DIR_PATH}/Podfile.lock",
				"${PODS_ROOT}/Manifest.lock",
			);
			name = "[CP] Check Pods Manifest.lock";
			outputFileListPaths = (
			);
			outputPaths = (
				"$(DERIVED_FILE_DIR)/Pods-moeum-checkManifestLockResult.txt",
			);
			runOnlyForDeploymentPostprocessing = 0;
			shellPath = /bin/sh;
			shellScript = "diff \"${PODS_PODFILE_DIR_PATH}/Podfile.lock\" \"${PODS_ROOT}/Manifest.lock\" > /dev/null\nif [ $? != 0 ] ; then\n    # print error to STDERR\n    echo \"error: The sandbox is not in sync with the Podfile.lock. Run 'pod install' or update your CocoaPods installation.\" >&2\n    exit 1\nfi\n# This output is used by Xcode 'outputs' to avoid re-running this script phase.\necho \"SUCCESS\" > \"${SCRIPT_OUTPUT_FILE_0}\"\n";
			showEnvVarsInLog = 0;
		};
		678AB28C82FFA528494729A4 /* [CP] Embed Pods Frameworks */ = {
			isa = PBXShellScriptBuildPhase;
			buildActionMask = 2147483647;
			files = (
			);
			inputFileListPaths = (
				"${PODS_ROOT}/Target Support Files/Pods-moeum-moeumUITests/Pods-moeum-moeumUITests-frameworks-${CONFIGURATION}-input-files.xcfilelist",
			);
			name = "[CP] Embed Pods Frameworks";
			outputFileListPaths = (
				"${PODS_ROOT}/Target Support Files/Pods-moeum-moeumUITests/Pods-moeum-moeumUITests-frameworks-${CONFIGURATION}-output-files.xcfilelist",
			);
			runOnlyForDeploymentPostprocessing = 0;
			shellPath = /bin/sh;
			shellScript = "\"${PODS_ROOT}/Target Support Files/Pods-moeum-moeumUITests/Pods-moeum-moeumUITests-frameworks.sh\"\n";
			showEnvVarsInLog = 0;
		};
		937285C76A927C037ABC7B9B /* [CP] Check Pods Manifest.lock */ = {
			isa = PBXShellScriptBuildPhase;
			buildActionMask = 2147483647;
			files = (
			);
			inputFileListPaths = (
			);
			inputPaths = (
				"${PODS_PODFILE_DIR_PATH}/Podfile.lock",
				"${PODS_ROOT}/Manifest.lock",
			);
			name = "[CP] Check Pods Manifest.lock";
			outputFileListPaths = (
			);
			outputPaths = (
				"$(DERIVED_FILE_DIR)/Pods-moeum-moeumUITests-checkManifestLockResult.txt",
			);
			runOnlyForDeploymentPostprocessing = 0;
			shellPath = /bin/sh;
			shellScript = "diff \"${PODS_PODFILE_DIR_PATH}/Podfile.lock\" \"${PODS_ROOT}/Manifest.lock\" > /dev/null\nif [ $? != 0 ] ; then\n    # print error to STDERR\n    echo \"error: The sandbox is not in sync with the Podfile.lock. Run 'pod install' or update your CocoaPods installation.\" >&2\n    exit 1\nfi\n# This output is used by Xcode 'outputs' to avoid re-running this script phase.\necho \"SUCCESS\" > \"${SCRIPT_OUTPUT_FILE_0}\"\n";
			showEnvVarsInLog = 0;
		};
		F737A7C9DCD2F59AAC99FD2A /* [CP] Check Pods Manifest.lock */ = {
			isa = PBXShellScriptBuildPhase;
			buildActionMask = 2147483647;
			files = (
			);
			inputFileListPaths = (
			);
			inputPaths = (
				"${PODS_PODFILE_DIR_PATH}/Podfile.lock",
				"${PODS_ROOT}/Manifest.lock",
			);
			name = "[CP] Check Pods Manifest.lock";
			outputFileListPaths = (
			);
			outputPaths = (
				"$(DERIVED_FILE_DIR)/Pods-moeumTests-checkManifestLockResult.txt",
			);
			runOnlyForDeploymentPostprocessing = 0;
			shellPath = /bin/sh;
			shellScript = "diff \"${PODS_PODFILE_DIR_PATH}/Podfile.lock\" \"${PODS_ROOT}/Manifest.lock\" > /dev/null\nif [ $? != 0 ] ; then\n    # print error to STDERR\n    echo \"error: The sandbox is not in sync with the Podfile.lock. Run 'pod install' or update your CocoaPods installation.\" >&2\n    exit 1\nfi\n# This output is used by Xcode 'outputs' to avoid re-running this script phase.\necho \"SUCCESS\" > \"${SCRIPT_OUTPUT_FILE_0}\"\n";
			showEnvVarsInLog = 0;
		};
/* End PBXShellScriptBuildPhase section */

/* Begin PBXSourcesBuildPhase section */
		70905D8527E37D8E001CB7AF /* Sources */ = {
			isa = PBXSourcesBuildPhase;
			buildActionMask = 2147483647;
			files = (
				70C05FBA27FBDF9D00093A2C /* ListViewController.swift in Sources */,
				70DAF01527F3043300EBD946 /* MemoCalendarWeekView.swift in Sources */,
				7048F8CD27F584A800BDA52A /* MemoCalendarBottomSheetView.swift in Sources */,
				702FA6ED27FD5EF9004417D9 /* TagLabel.swift in Sources */,
				70AE0FCC27FF3F6300E880A0 /* WritingVM+Logic.swift in Sources */,
				7048F8CF27F5968C00BDA52A /* MemoCalendarViewCellTagView.swift in Sources */,
				7046CB9F27F4194E008ACE10 /* MemoCalendarBottomSheetViewController.swift in Sources */,
				70CB74562800716C00DA4A8E /* CalendarVM+Logic.swift in Sources */,
				70F7493E27FB454E00B31791 /* CalendarViewCell.swift in Sources */,
				70CF4DBF27EAEFC400046E92 /* TestViewController.swift in Sources */,
				70102DC727E4DBF100472CC0 /* MemoCalendarCollectionViewCell.swift in Sources */,
				7046CBA527F438EA008ACE10 /* MemoCalendarViewController+UI.swift in Sources */,
				702FA6EB27FD45EB004417D9 /* ImageTextView.swift in Sources */,
				702FA6FD27FD74B8004417D9 /* WritingViewModel.swift in Sources */,
				702FA6F727FD741D004417D9 /* RecordRepository.swift in Sources */,
				70CF4DC127EB000600046E92 /* lib.swift in Sources */,
				706D9B3A27FAE66700E0DD5F /* CalendarVC+View.swift in Sources */,
				7037B46927FAB0E0004F3828 /* WritingHeaderView.swift in Sources */,
				702FA6EF27FD68E5004417D9 /* Record.swift in Sources */,
				70F7493727FB3B7800B31791 /* MainViewController.swift in Sources */,
				704431BA27F9BC6B000C091E /* CreateMemoViewController.swift in Sources */,
				702FA6F927FD7428004417D9 /* RecordService.swift in Sources */,
				706D9B3827FAE3A400E0DD5F /* CalendarViewController.swift in Sources */,
				7000B11427E9AED70067E0B4 /* MemoBottomSheetView.swift in Sources */,
				702FA6F527FD7402004417D9 /* RecordEntity.swift in Sources */,
				703052DD28001D8900ED9C90 /* CalendarViewModel.swift in Sources */,
				7048F8D527F5BCD600BDA52A /* MemoCalendarCollectionView.swift in Sources */,
				70A788D027FCA7C900576034 /* ImageTextField.swift in Sources */,
				7046CB9D27F34391008ACE10 /* MemoCalendarView.swift in Sources */,
				70AE0FCE27FF3F7800E880A0 /* WritingVM+Bind.swift in Sources */,
				70E8B19F27FAB7BF0095B30E /* WritingVC+View.swift in Sources */,
				7075B53A27F68C76002DBF8E /* MemoCalendarBottomSheetLineView.swift in Sources */,
				70CB745828007CF000DA4A8E /* CalendarVM+Bind.swift in Sources */,
				702E907D27FEC1CD00FF237B /* EnumType.swift in Sources */,
				70FFCBA927FDB8E50040F30C /* ViewModel.swift in Sources */,
				70905D8D27E37D8E001CB7AF /* AppDelegate.swift in Sources */,
				704A9B6727F9FC0D00CA33DD /* MemoChartViewController.swift in Sources */,
				70DAF00F27F2EAD000EBD946 /* MemoCalendarViewController.swift in Sources */,
				70DAF01327F2EF7500EBD946 /* MemoCalendarMonthPickerView.swift in Sources */,
				70F7493A27FB3CA700B31791 /* ChartViewController.swift in Sources */,
				704431B727F9772F000C091E /* MemoCalendarBottomSheetLineLabelView.swift in Sources */,
				70CB745428006DE000DA4A8E /* Date+Ext.swift in Sources */,
				702E907F27FECF4800FF237B /* WritingVC+Bind.swift in Sources */,
				702FA6E927FD454B004417D9 /* ImageLabel.swift in Sources */,
				70608D6027FC6B4F005E9F01 /* DateButtonView.swift in Sources */,
				702E908327FEE35700FF237B /* CalendarVC+Logic.swift in Sources */,
				70E8B1A127FAC1D40095B30E /* WritingView.swift in Sources */,
				702E908527FEE42500FF237B /* WritingVC+Logic.swift in Sources */,
				702E908127FEE31000FF237B /* CalendarVC+Bind.swift in Sources */,
				70905D8F27E37D8E001CB7AF /* SceneDelegate.swift in Sources */,
				7024250D27F16FB8007A914D /* MemoSummaryView.swift in Sources */,
				7024251027F17197007A914D /* Memo.swift in Sources */,
				7046CBA727F44504008ACE10 /* MemoCalendarBottomSheetViewController+UI.swift in Sources */,
				7037B46727FAB0C3004F3828 /* CalendarHeaderView.swift in Sources */,
				70F7493C27FB404C00B31791 /* WeekLabelView.swift in Sources */,
				70C05FBD27FC0EA800093A2C /* WritingButton.swift in Sources */,
				7037B46427FAB048004F3828 /* WritingViewController.swift in Sources */,
			);
			runOnlyForDeploymentPostprocessing = 0;
		};
		70905D9B27E37D8F001CB7AF /* Sources */ = {
			isa = PBXSourcesBuildPhase;
			buildActionMask = 2147483647;
			files = (
				70905DA427E37D8F001CB7AF /* moeumTests.swift in Sources */,
			);
			runOnlyForDeploymentPostprocessing = 0;
		};
		70905DA527E37D8F001CB7AF /* Sources */ = {
			isa = PBXSourcesBuildPhase;
			buildActionMask = 2147483647;
			files = (
				70905DB027E37D8F001CB7AF /* moeumUITestsLaunchTests.swift in Sources */,
				70905DAE27E37D8F001CB7AF /* moeumUITests.swift in Sources */,
			);
			runOnlyForDeploymentPostprocessing = 0;
		};
/* End PBXSourcesBuildPhase section */

/* Begin PBXTargetDependency section */
		70905DA127E37D8F001CB7AF /* PBXTargetDependency */ = {
			isa = PBXTargetDependency;
			target = 70905D8827E37D8E001CB7AF /* moeum */;
			targetProxy = 70905DA027E37D8F001CB7AF /* PBXContainerItemProxy */;
		};
		70905DAB27E37D8F001CB7AF /* PBXTargetDependency */ = {
			isa = PBXTargetDependency;
			target = 70905D8827E37D8E001CB7AF /* moeum */;
			targetProxy = 70905DAA27E37D8F001CB7AF /* PBXContainerItemProxy */;
		};
/* End PBXTargetDependency section */

/* Begin XCBuildConfiguration section */
		70905DB127E37D8F001CB7AF /* Debug */ = {
			isa = XCBuildConfiguration;
			buildSettings = {
				ALWAYS_SEARCH_USER_PATHS = NO;
				CLANG_ANALYZER_NONNULL = YES;
				CLANG_ANALYZER_NUMBER_OBJECT_CONVERSION = YES_AGGRESSIVE;
				CLANG_CXX_LANGUAGE_STANDARD = "gnu++17";
				CLANG_CXX_LIBRARY = "libc++";
				CLANG_ENABLE_MODULES = YES;
				CLANG_ENABLE_OBJC_ARC = YES;
				CLANG_ENABLE_OBJC_WEAK = YES;
				CLANG_WARN_BLOCK_CAPTURE_AUTORELEASING = YES;
				CLANG_WARN_BOOL_CONVERSION = YES;
				CLANG_WARN_COMMA = YES;
				CLANG_WARN_CONSTANT_CONVERSION = YES;
				CLANG_WARN_DEPRECATED_OBJC_IMPLEMENTATIONS = YES;
				CLANG_WARN_DIRECT_OBJC_ISA_USAGE = YES_ERROR;
				CLANG_WARN_DOCUMENTATION_COMMENTS = YES;
				CLANG_WARN_EMPTY_BODY = YES;
				CLANG_WARN_ENUM_CONVERSION = YES;
				CLANG_WARN_INFINITE_RECURSION = YES;
				CLANG_WARN_INT_CONVERSION = YES;
				CLANG_WARN_NON_LITERAL_NULL_CONVERSION = YES;
				CLANG_WARN_OBJC_IMPLICIT_RETAIN_SELF = YES;
				CLANG_WARN_OBJC_LITERAL_CONVERSION = YES;
				CLANG_WARN_OBJC_ROOT_CLASS = YES_ERROR;
				CLANG_WARN_QUOTED_INCLUDE_IN_FRAMEWORK_HEADER = YES;
				CLANG_WARN_RANGE_LOOP_ANALYSIS = YES;
				CLANG_WARN_STRICT_PROTOTYPES = YES;
				CLANG_WARN_SUSPICIOUS_MOVE = YES;
				CLANG_WARN_UNGUARDED_AVAILABILITY = YES_AGGRESSIVE;
				CLANG_WARN_UNREACHABLE_CODE = YES;
				CLANG_WARN__DUPLICATE_METHOD_MATCH = YES;
				COPY_PHASE_STRIP = NO;
				DEBUG_INFORMATION_FORMAT = dwarf;
				ENABLE_STRICT_OBJC_MSGSEND = YES;
				ENABLE_TESTABILITY = YES;
				GCC_C_LANGUAGE_STANDARD = gnu11;
				GCC_DYNAMIC_NO_PIC = NO;
				GCC_NO_COMMON_BLOCKS = YES;
				GCC_OPTIMIZATION_LEVEL = 0;
				GCC_PREPROCESSOR_DEFINITIONS = (
					"DEBUG=1",
					"$(inherited)",
				);
				GCC_WARN_64_TO_32_BIT_CONVERSION = YES;
				GCC_WARN_ABOUT_RETURN_TYPE = YES_ERROR;
				GCC_WARN_UNDECLARED_SELECTOR = YES;
				GCC_WARN_UNINITIALIZED_AUTOS = YES_AGGRESSIVE;
				GCC_WARN_UNUSED_FUNCTION = YES;
				GCC_WARN_UNUSED_VARIABLE = YES;
				IPHONEOS_DEPLOYMENT_TARGET = 15.0;
				MTL_ENABLE_DEBUG_INFO = INCLUDE_SOURCE;
				MTL_FAST_MATH = YES;
				ONLY_ACTIVE_ARCH = YES;
				SDKROOT = iphoneos;
				SWIFT_ACTIVE_COMPILATION_CONDITIONS = DEBUG;
				SWIFT_OPTIMIZATION_LEVEL = "-Onone";
			};
			name = Debug;
		};
		70905DB227E37D8F001CB7AF /* Release */ = {
			isa = XCBuildConfiguration;
			buildSettings = {
				ALWAYS_SEARCH_USER_PATHS = NO;
				CLANG_ANALYZER_NONNULL = YES;
				CLANG_ANALYZER_NUMBER_OBJECT_CONVERSION = YES_AGGRESSIVE;
				CLANG_CXX_LANGUAGE_STANDARD = "gnu++17";
				CLANG_CXX_LIBRARY = "libc++";
				CLANG_ENABLE_MODULES = YES;
				CLANG_ENABLE_OBJC_ARC = YES;
				CLANG_ENABLE_OBJC_WEAK = YES;
				CLANG_WARN_BLOCK_CAPTURE_AUTORELEASING = YES;
				CLANG_WARN_BOOL_CONVERSION = YES;
				CLANG_WARN_COMMA = YES;
				CLANG_WARN_CONSTANT_CONVERSION = YES;
				CLANG_WARN_DEPRECATED_OBJC_IMPLEMENTATIONS = YES;
				CLANG_WARN_DIRECT_OBJC_ISA_USAGE = YES_ERROR;
				CLANG_WARN_DOCUMENTATION_COMMENTS = YES;
				CLANG_WARN_EMPTY_BODY = YES;
				CLANG_WARN_ENUM_CONVERSION = YES;
				CLANG_WARN_INFINITE_RECURSION = YES;
				CLANG_WARN_INT_CONVERSION = YES;
				CLANG_WARN_NON_LITERAL_NULL_CONVERSION = YES;
				CLANG_WARN_OBJC_IMPLICIT_RETAIN_SELF = YES;
				CLANG_WARN_OBJC_LITERAL_CONVERSION = YES;
				CLANG_WARN_OBJC_ROOT_CLASS = YES_ERROR;
				CLANG_WARN_QUOTED_INCLUDE_IN_FRAMEWORK_HEADER = YES;
				CLANG_WARN_RANGE_LOOP_ANALYSIS = YES;
				CLANG_WARN_STRICT_PROTOTYPES = YES;
				CLANG_WARN_SUSPICIOUS_MOVE = YES;
				CLANG_WARN_UNGUARDED_AVAILABILITY = YES_AGGRESSIVE;
				CLANG_WARN_UNREACHABLE_CODE = YES;
				CLANG_WARN__DUPLICATE_METHOD_MATCH = YES;
				COPY_PHASE_STRIP = NO;
				DEBUG_INFORMATION_FORMAT = "dwarf-with-dsym";
				ENABLE_NS_ASSERTIONS = NO;
				ENABLE_STRICT_OBJC_MSGSEND = YES;
				GCC_C_LANGUAGE_STANDARD = gnu11;
				GCC_NO_COMMON_BLOCKS = YES;
				GCC_WARN_64_TO_32_BIT_CONVERSION = YES;
				GCC_WARN_ABOUT_RETURN_TYPE = YES_ERROR;
				GCC_WARN_UNDECLARED_SELECTOR = YES;
				GCC_WARN_UNINITIALIZED_AUTOS = YES_AGGRESSIVE;
				GCC_WARN_UNUSED_FUNCTION = YES;
				GCC_WARN_UNUSED_VARIABLE = YES;
				IPHONEOS_DEPLOYMENT_TARGET = 15.0;
				MTL_ENABLE_DEBUG_INFO = NO;
				MTL_FAST_MATH = YES;
				SDKROOT = iphoneos;
				SWIFT_COMPILATION_MODE = wholemodule;
				SWIFT_OPTIMIZATION_LEVEL = "-O";
				VALIDATE_PRODUCT = YES;
			};
			name = Release;
		};
		70905DB427E37D8F001CB7AF /* Debug */ = {
			isa = XCBuildConfiguration;
			baseConfigurationReference = F2236B31430E02B49B398B6E /* Pods-moeum.debug.xcconfig */;
			buildSettings = {
				ASSETCATALOG_COMPILER_APPICON_NAME = AppIcon;
				ASSETCATALOG_COMPILER_GLOBAL_ACCENT_COLOR_NAME = AccentColor;
				CODE_SIGN_STYLE = Automatic;
				CURRENT_PROJECT_VERSION = 1;
				DEVELOPMENT_TEAM = X64MATB2CC;
				GENERATE_INFOPLIST_FILE = YES;
				INFOPLIST_FILE = moeum/Info.plist;
				INFOPLIST_KEY_UIApplicationSupportsIndirectInputEvents = YES;
				INFOPLIST_KEY_UILaunchStoryboardName = LaunchScreen;
				INFOPLIST_KEY_UISupportedInterfaceOrientations_iPad = "UIInterfaceOrientationPortrait UIInterfaceOrientationPortraitUpsideDown UIInterfaceOrientationLandscapeLeft UIInterfaceOrientationLandscapeRight";
				INFOPLIST_KEY_UISupportedInterfaceOrientations_iPhone = "UIInterfaceOrientationPortrait UIInterfaceOrientationLandscapeLeft UIInterfaceOrientationLandscapeRight";
				IPHONEOS_DEPLOYMENT_TARGET = 13.0;
				LD_RUNPATH_SEARCH_PATHS = (
					"$(inherited)",
					"@executable_path/Frameworks",
				);
				MARKETING_VERSION = 1.0;
				PRODUCT_BUNDLE_IDENTIFIER = com.test.moeum;
				PRODUCT_NAME = "$(TARGET_NAME)";
				SWIFT_EMIT_LOC_STRINGS = YES;
				SWIFT_VERSION = 5.0;
				TARGETED_DEVICE_FAMILY = "1,2";
			};
			name = Debug;
		};
		70905DB527E37D8F001CB7AF /* Release */ = {
			isa = XCBuildConfiguration;
			baseConfigurationReference = CBE0288E25FF7586019FA416 /* Pods-moeum.release.xcconfig */;
			buildSettings = {
				ASSETCATALOG_COMPILER_APPICON_NAME = AppIcon;
				ASSETCATALOG_COMPILER_GLOBAL_ACCENT_COLOR_NAME = AccentColor;
				CODE_SIGN_STYLE = Automatic;
				CURRENT_PROJECT_VERSION = 1;
				DEVELOPMENT_TEAM = X64MATB2CC;
				GENERATE_INFOPLIST_FILE = YES;
				INFOPLIST_FILE = moeum/Info.plist;
				INFOPLIST_KEY_UIApplicationSupportsIndirectInputEvents = YES;
				INFOPLIST_KEY_UILaunchStoryboardName = LaunchScreen;
				INFOPLIST_KEY_UISupportedInterfaceOrientations_iPad = "UIInterfaceOrientationPortrait UIInterfaceOrientationPortraitUpsideDown UIInterfaceOrientationLandscapeLeft UIInterfaceOrientationLandscapeRight";
				INFOPLIST_KEY_UISupportedInterfaceOrientations_iPhone = "UIInterfaceOrientationPortrait UIInterfaceOrientationLandscapeLeft UIInterfaceOrientationLandscapeRight";
				IPHONEOS_DEPLOYMENT_TARGET = 13.0;
				LD_RUNPATH_SEARCH_PATHS = (
					"$(inherited)",
					"@executable_path/Frameworks",
				);
				MARKETING_VERSION = 1.0;
				PRODUCT_BUNDLE_IDENTIFIER = com.test.moeum;
				PRODUCT_NAME = "$(TARGET_NAME)";
				SWIFT_EMIT_LOC_STRINGS = YES;
				SWIFT_VERSION = 5.0;
				TARGETED_DEVICE_FAMILY = "1,2";
			};
			name = Release;
		};
		70905DB727E37D8F001CB7AF /* Debug */ = {
			isa = XCBuildConfiguration;
			baseConfigurationReference = A482E8906E014BA2018EAFE7 /* Pods-moeumTests.debug.xcconfig */;
			buildSettings = {
				ALWAYS_EMBED_SWIFT_STANDARD_LIBRARIES = YES;
				BUNDLE_LOADER = "$(TEST_HOST)";
				CODE_SIGN_STYLE = Automatic;
				CURRENT_PROJECT_VERSION = 1;
				DEVELOPMENT_TEAM = X64MATB2CC;
				GENERATE_INFOPLIST_FILE = YES;
				IPHONEOS_DEPLOYMENT_TARGET = 15.0;
				LD_RUNPATH_SEARCH_PATHS = (
					"$(inherited)",
					"@executable_path/Frameworks",
					"@loader_path/Frameworks",
				);
				MARKETING_VERSION = 1.0;
				PRODUCT_BUNDLE_IDENTIFIER = com.test.moeumTests;
				PRODUCT_NAME = "$(TARGET_NAME)";
				SWIFT_EMIT_LOC_STRINGS = NO;
				SWIFT_VERSION = 5.0;
				TARGETED_DEVICE_FAMILY = "1,2";
				TEST_HOST = "$(BUILT_PRODUCTS_DIR)/moeum.app/moeum";
			};
			name = Debug;
		};
		70905DB827E37D8F001CB7AF /* Release */ = {
			isa = XCBuildConfiguration;
			baseConfigurationReference = F969D54C5214F9C368E5C201 /* Pods-moeumTests.release.xcconfig */;
			buildSettings = {
				ALWAYS_EMBED_SWIFT_STANDARD_LIBRARIES = YES;
				BUNDLE_LOADER = "$(TEST_HOST)";
				CODE_SIGN_STYLE = Automatic;
				CURRENT_PROJECT_VERSION = 1;
				DEVELOPMENT_TEAM = X64MATB2CC;
				GENERATE_INFOPLIST_FILE = YES;
				IPHONEOS_DEPLOYMENT_TARGET = 15.0;
				LD_RUNPATH_SEARCH_PATHS = (
					"$(inherited)",
					"@executable_path/Frameworks",
					"@loader_path/Frameworks",
				);
				MARKETING_VERSION = 1.0;
				PRODUCT_BUNDLE_IDENTIFIER = com.test.moeumTests;
				PRODUCT_NAME = "$(TARGET_NAME)";
				SWIFT_EMIT_LOC_STRINGS = NO;
				SWIFT_VERSION = 5.0;
				TARGETED_DEVICE_FAMILY = "1,2";
				TEST_HOST = "$(BUILT_PRODUCTS_DIR)/moeum.app/moeum";
			};
			name = Release;
		};
		70905DBA27E37D8F001CB7AF /* Debug */ = {
			isa = XCBuildConfiguration;
			baseConfigurationReference = 62133CC2A280F78D1165B717 /* Pods-moeum-moeumUITests.debug.xcconfig */;
			buildSettings = {
				ALWAYS_EMBED_SWIFT_STANDARD_LIBRARIES = YES;
				CODE_SIGN_STYLE = Automatic;
				CURRENT_PROJECT_VERSION = 1;
				DEVELOPMENT_TEAM = X64MATB2CC;
				GENERATE_INFOPLIST_FILE = YES;
				LD_RUNPATH_SEARCH_PATHS = (
					"$(inherited)",
					"@executable_path/Frameworks",
					"@loader_path/Frameworks",
				);
				MARKETING_VERSION = 1.0;
				PRODUCT_BUNDLE_IDENTIFIER = com.test.moeumUITests;
				PRODUCT_NAME = "$(TARGET_NAME)";
				SWIFT_EMIT_LOC_STRINGS = NO;
				SWIFT_VERSION = 5.0;
				TARGETED_DEVICE_FAMILY = "1,2";
				TEST_TARGET_NAME = moeum;
			};
			name = Debug;
		};
		70905DBB27E37D8F001CB7AF /* Release */ = {
			isa = XCBuildConfiguration;
			baseConfigurationReference = 34382A13DB87538CF9258760 /* Pods-moeum-moeumUITests.release.xcconfig */;
			buildSettings = {
				ALWAYS_EMBED_SWIFT_STANDARD_LIBRARIES = YES;
				CODE_SIGN_STYLE = Automatic;
				CURRENT_PROJECT_VERSION = 1;
				DEVELOPMENT_TEAM = X64MATB2CC;
				GENERATE_INFOPLIST_FILE = YES;
				LD_RUNPATH_SEARCH_PATHS = (
					"$(inherited)",
					"@executable_path/Frameworks",
					"@loader_path/Frameworks",
				);
				MARKETING_VERSION = 1.0;
				PRODUCT_BUNDLE_IDENTIFIER = com.test.moeumUITests;
				PRODUCT_NAME = "$(TARGET_NAME)";
				SWIFT_EMIT_LOC_STRINGS = NO;
				SWIFT_VERSION = 5.0;
				TARGETED_DEVICE_FAMILY = "1,2";
				TEST_TARGET_NAME = moeum;
			};
			name = Release;
		};
/* End XCBuildConfiguration section */

/* Begin XCConfigurationList section */
		70905D8427E37D8E001CB7AF /* Build configuration list for PBXProject "moeum" */ = {
			isa = XCConfigurationList;
			buildConfigurations = (
				70905DB127E37D8F001CB7AF /* Debug */,
				70905DB227E37D8F001CB7AF /* Release */,
			);
			defaultConfigurationIsVisible = 0;
			defaultConfigurationName = Release;
		};
		70905DB327E37D8F001CB7AF /* Build configuration list for PBXNativeTarget "moeum" */ = {
			isa = XCConfigurationList;
			buildConfigurations = (
				70905DB427E37D8F001CB7AF /* Debug */,
				70905DB527E37D8F001CB7AF /* Release */,
			);
			defaultConfigurationIsVisible = 0;
			defaultConfigurationName = Release;
		};
		70905DB627E37D8F001CB7AF /* Build configuration list for PBXNativeTarget "moeumTests" */ = {
			isa = XCConfigurationList;
			buildConfigurations = (
				70905DB727E37D8F001CB7AF /* Debug */,
				70905DB827E37D8F001CB7AF /* Release */,
			);
			defaultConfigurationIsVisible = 0;
			defaultConfigurationName = Release;
		};
		70905DB927E37D8F001CB7AF /* Build configuration list for PBXNativeTarget "moeumUITests" */ = {
			isa = XCConfigurationList;
			buildConfigurations = (
				70905DBA27E37D8F001CB7AF /* Debug */,
				70905DBB27E37D8F001CB7AF /* Release */,
			);
			defaultConfigurationIsVisible = 0;
			defaultConfigurationName = Release;
		};
/* End XCConfigurationList section */
	};
	rootObject = 70905D8127E37D8E001CB7AF /* Project object */;
}
